version = 1
revision = 3
requires-python = ">=3.13"

[[package]]
name = "anyio"
version = "4.12.1"
source = { registry = "https://pypi.org/simple" }
dependencies = [
    { name = "idna" },
]
sdist = { url = "https://files.pythonhosted.org/packages/96/f0/5eb65b2bb0d09ac6776f2eb54adee6abe8228ea05b20a5ad0e4945de8aac/anyio-4.12.1.tar.gz", hash = "sha256:41cfcc3a4c85d3f05c932da7c26d0201ac36f72abd4435ba90d0464a3ffed703", size = 228685, upload-time = "2026-01-06T11:45:21.246Z" }
wheels = [
    { url = "https://files.pythonhosted.org/packages/38/0e/27be9fdef66e72d64c0cdc3cc2823101b80585f8119b5c112c2e8f5f7dab/anyio-4.12.1-py3-none-any.whl", hash = "sha256:d405828884fc140aa80a3c667b8beed277f1dfedec42ba031bd6ac3db606ab6c", size = 113592, upload-time = "2026-01-06T11:45:19.497Z" },
]

[[package]]
name = "certifi"
version = "2026.1.4"
source = { registry = "https://pypi.org/simple" }
sdist = { url = "https://files.pythonhosted.org/packages/e0/2d/a891ca51311197f6ad14a7ef42e2399f36cf2f9bd44752b3dc4eab60fdc5/certifi-2026.1.4.tar.gz", hash = "sha256:ac726dd470482006e014ad384921ed6438c457018f4b3d204aea4281258b2120", size = 154268, upload-time = "2026-01-04T02:42:41.825Z" }
wheels = [
    { url = "https://files.pythonhosted.org/packages/e6/ad/3cc14f097111b4de0040c83a525973216457bbeeb63739ef1ed275c1c021/certifi-2026.1.4-py3-none-any.whl", hash = "sha256:9943707519e4add1115f44c2bc244f782c0249876bf51b6599fee1ffbedd685c", size = 152900, upload-time = "2026-01-04T02:42:40.15Z" },
]

[[package]]
name = "dbus-next"
version = "0.2.3"
source = { registry = "https://pypi.org/simple" }
sdist = { url = "https://files.pythonhosted.org/packages/ce/45/6a40fbe886d60a8c26f480e7d12535502b5ba123814b3b9a0b002ebca198/dbus_next-0.2.3.tar.gz", hash = "sha256:f4eae26909332ada528c0a3549dda8d4f088f9b365153952a408e28023a626a5", size = 71112, upload-time = "2021-07-25T22:11:28.398Z" }
wheels = [
    { url = "https://files.pythonhosted.org/packages/d2/fc/c0a3f4c4eaa5a22fbef91713474666e13d0ea2a69c84532579490a9f2cc8/dbus_next-0.2.3-py3-none-any.whl", hash = "sha256:58948f9aff9db08316734c0be2a120f6dc502124d9642f55e90ac82ffb16a18b", size = 57885, upload-time = "2021-07-25T22:11:25.466Z" },
]

[[package]]
name = "ephem"
version = "4.2"
source = { registry = "https://pypi.org/simple" }
sdist = { url = "https://files.pythonhosted.org/packages/59/13/0d2c9525b1ba465e09af3f6585b3ac8fb0d66241b52f9f4f10118e323a9d/ephem-4.2.tar.gz", hash = "sha256:3c4fd64f453e8f40cf862420a70da95a71b6487ace75e8e0cf85d73707db6065", size = 1261100, upload-time = "2025-02-18T14:47:42.716Z" }
wheels = [
    { url = "https://files.pythonhosted.org/packages/e5/39/15e87fa6a309909fe86c56372fcd887d104ead4f1267a4eef578ac4d7879/ephem-4.2-cp313-cp313-macosx_10_13_x86_64.whl", hash = "sha256:ea8d23e7d452537fbbe1da12891ccaea5bf890a0ae35007d6c773842ad08ec16", size = 1429158, upload-time = "2025-02-18T14:45:56.211Z" },
    { url = "https://files.pythonhosted.org/packages/f3/4e/57f8332d315159ecb7c00326719a29a04e60c9e62eeb6451250bd5ce9b36/ephem-4.2-cp313-cp313-macosx_11_0_arm64.whl", hash = "sha256:c7dcd7425cc82945b0d6cb31a0897aeae835d5e68082243e210b59036950b61e", size = 1432125, upload-time = "2025-02-18T14:45:57.548Z" },
    { url = "https://files.pythonhosted.org/packages/98/d1/1625108774a8b45efd46756b3e2be8197642f7a207202002facdb19a09f0/ephem-4.2-cp313-cp313-manylinux_2_12_i686.manylinux2010_i686.manylinux_2_17_i686.manylinux2014_i686.whl", hash = "sha256:797fb2a6ecef2866f7a2d57f897dfb9f34bea60462950b94a22935272f4d7e5c", size = 1758896, upload-time = "2025-02-18T14:45:58.842Z" },
    { url = "https://files.pythonhosted.org/packages/87/75/dd00e7b007da65c30eeb155856fc2bc1f75958e3c809fa0cf92be8665570/ephem-4.2-cp313-cp313-manylinux_2_17_aarch64.manylinux2014_aarch64.whl", hash = "sha256:68976d765a78ff3c534e11c8b9f87e83b67cacd461e7074664fb8a0c0b9ab341", size = 1778739, upload-time = "2025-02-18T14:46:00.42Z" },
    { url = "https://files.pythonhosted.org/packages/13/fa/747efd0e3cdb33215e436d75a43ca3055fefb99d48ddd05284c2adbc270a/ephem-4.2-cp313-cp313-manylinux_2_17_s390x.manylinux2014_s390x.whl", hash = "sha256:5c787ef694db5e56151595ec237f960836e672a8770b41f09f9c65c26133291b", size = 1788967, upload-time = "2025-02-18T14:46:01.807Z" },
    { url = "https://files.pythonhosted.org/packages/cf/3a/428b3588a82696486a3a40625341e30ee404cc18b94e2753120e14f32493/ephem-4.2-cp313-cp313-manylinux_2_17_x86_64.manylinux2014_x86_64.whl", hash = "sha256:0fbf26f0c99d7ba100df584cd4899044e582af57bbe313aecfecefd6ab389753", size = 1781222, upload-time = "2025-02-18T14:46:04.497Z" },
    { url = "https://files.pythonhosted.org/packages/2f/41/d28eb0103e1976702333e6ce9dbd3e3ec86d10bcfaa7e8ba324131945d7d/ephem-4.2-cp313-cp313-musllinux_1_2_aarch64.whl", hash = "sha256:4b1c87517be414f67c3b35c6dbd8bd7c28d664e06d857b4a4224511bdb06ad2e", size = 1777379, upload-time = "2025-02-18T14:46:07.018Z" },
    { url = "https://files.pythonhosted.org/packages/61/fe/a5510b8b96bc44a1d6a47fd43a30131fe054df6fa9f81abecf7a9ddb3f23/ephem-4.2-cp313-cp313-musllinux_1_2_i686.whl", hash = "sha256:599df915cd37dae047e4d885885afff23102d33a33f9900ae95c11195cbe83cb", size = 1793525, upload-time = "2025-02-18T14:46:08.433Z" },
    { url = "https://files.pythonhosted.org/packages/28/1e/36585a5b3474a5f1c068d5a4f21537016c225835d7a9c987df125c83d3ec/ephem-4.2-cp313-cp313-musllinux_1_2_s390x.whl", hash = "sha256:38a74e63cfb6fcee6b23ad183c6d02da0c0113ae7ad4f433422a15e401c3aa92", size = 1810985, upload-time = "2025-02-18T14:46:09.853Z" },
    { url = "https://files.pythonhosted.org/packages/ff/4a/f0735480dad37a82c19e2d3f74f6511ebda30fc5e68f2e019381ae78e1c2/ephem-4.2-cp313-cp313-musllinux_1_2_x86_64.whl", hash = "sha256:e9083fe4144478a43fbba07169957b6eb3797fd97955145dd614eaa0a934ad79", size = 1780078, upload-time = "2025-02-18T14:46:11.305Z" },
    { url = "https://files.pythonhosted.org/packages/e1/7b/eaa550cfda799265edf5517ee7c450f770c4ee8645d52113a0511eec3d31/ephem-4.2-cp313-cp313-win32.whl", hash = "sha256:94cad00341ed5367144f3dfec98b6a33f285b5eb5c35971f697f8cac14f12a00", size = 1399409, upload-time = "2025-02-18T14:46:12.76Z" },
    { url = "https://files.pythonhosted.org/packages/06/25/026e15571373559ed4c8755bd88506a783f4204df3fbdead1748150f0a37/ephem-4.2-cp313-cp313-win_amd64.whl", hash = "sha256:9f72002f2f6dd8ad838fcbe7b4e9bdf8daadfe3e7093383336a234da458c77a5", size = 1416813, upload-time = "2025-02-18T14:46:14.2Z" },
]

[[package]]
name = "h11"
version = "0.16.0"
source = { registry = "https://pypi.org/simple" }
sdist = { url = "https://files.pythonhosted.org/packages/01/ee/02a2c011bdab74c6fb3c75474d40b3052059d95df7e73351460c8588d963/h11-0.16.0.tar.gz", hash = "sha256:4e35b956cf45792e4caa5885e69fba00bdbc6ffafbfa020300e549b208ee5ff1", size = 101250, upload-time = "2025-04-24T03:35:25.427Z" }
wheels = [
    { url = "https://files.pythonhosted.org/packages/04/4b/29cac41a4d98d144bf5f6d33995617b185d14b22401f75ca86f384e87ff1/h11-0.16.0-py3-none-any.whl", hash = "sha256:63cf8bbe7522de3bf65932fda1d9c2772064ffb3dae62d55932da54b31cb6c86", size = 37515, upload-time = "2025-04-24T03:35:24.344Z" },
]

[[package]]
name = "httpcore"
version = "1.0.9"
source = { registry = "https://pypi.org/simple" }
dependencies = [
    { name = "certifi" },
    { name = "h11" },
]
sdist = { url = "https://files.pythonhosted.org/packages/06/94/82699a10bca87a5556c9c59b5963f2d039dbd239f25bc2a63907a05a14cb/httpcore-1.0.9.tar.gz", hash = "sha256:6e34463af53fd2ab5d807f399a9b45ea31c3dfa2276f15a2c3f00afff6e176e8", size = 85484, upload-time = "2025-04-24T22:06:22.219Z" }
wheels = [
    { url = "https://files.pythonhosted.org/packages/7e/f5/f66802a942d491edb555dd61e3a9961140fd64c90bce1eafd741609d334d/httpcore-1.0.9-py3-none-any.whl", hash = "sha256:2d400746a40668fc9dec9810239072b40b4484b640a8c38fd654a024c7a1bf55", size = 78784, upload-time = "2025-04-24T22:06:20.566Z" },
]

[[package]]
name = "httpx"
version = "0.28.1"
source = { registry = "https://pypi.org/simple" }
dependencies = [
    { name = "anyio" },
    { name = "certifi" },
    { name = "httpcore" },
    { name = "idna" },
]
sdist = { url = "https://files.pythonhosted.org/packages/b1/df/48c586a5fe32a0f01324ee087459e112ebb7224f646c0b5023f5e79e9956/httpx-0.28.1.tar.gz", hash = "sha256:75e98c5f16b0f35b567856f597f06ff2270a374470a5c2392242528e3e3e42fc", size = 141406, upload-time = "2024-12-06T15:37:23.222Z" }
wheels = [
    { url = "https://files.pythonhosted.org/packages/2a/39/e50c7c3a983047577ee07d2a9e53faf5a69493943ec3f6a384bdc792deb2/httpx-0.28.1-py3-none-any.whl", hash = "sha256:d909fcccc110f8c7faf814ca82a9a4d816bc5a6dbfea25d6591d6985b8ba59ad", size = 73517, upload-time = "2024-12-06T15:37:21.509Z" },
]

[[package]]
name = "idna"
version = "3.11"
source = { registry = "https://pypi.org/simple" }
sdist = { url = "https://files.pythonhosted.org/packages/6f/6d/0703ccc57f3a7233505399edb88de3cbd678da106337b9fcde432b65ed60/idna-3.11.tar.gz", hash = "sha256:795dafcc9c04ed0c1fb032c2aa73654d8e8c5023a7df64a53f39190ada629902", size = 194582, upload-time = "2025-10-12T14:55:20.501Z" }
wheels = [
    { url = "https://files.pythonhosted.org/packages/0e/61/66938bbb5fc52dbdf84594873d5b51fb1f7c7794e9c0f5bd885f30bc507b/idna-3.11-py3-none-any.whl", hash = "sha256:771a87f49d9defaf64091e6e6fe9c18d4833f140bd19464795bc32d966ca37ea", size = 71008, upload-time = "2025-10-12T14:55:18.883Z" },
]

[[package]]
name = "lunarcalendar"
version = "0.0.9"
source = { registry = "https://pypi.org/simple" }
dependencies = [
    { name = "ephem" },
    { name = "python-dateutil" },
    { name = "pytz" },
]
sdist = { url = "https://files.pythonhosted.org/packages/01/eb/5900632e13fa5ae7fd10127d59b3809f4586484b69c9603e624b570ccbfb/LunarCalendar-0.0.9.tar.gz", hash = "sha256:681142f22fc353c3abca4b25699e3d1aa7083ad1c268dce36ba297eca04bed5a", size = 18019, upload-time = "2018-06-13T12:01:22.982Z" }
wheels = [
    { url = "https://files.pythonhosted.org/packages/ab/e0/a52ffc02395474858552ca6437226e23ad67e25fd85cb387f02e479cfe01/LunarCalendar-0.0.9-py2.py3-none-any.whl", hash = "sha256:5ef25883d73898b37edb54da9e0f04215aaa68b897fd12e9d4b79756ff91c8cb", size = 18280, upload-time = "2018-06-13T12:01:21.466Z" },
]

[[package]]
name = "python-dateutil"
version = "2.9.0.post0"
source = { registry = "https://pypi.org/simple" }
dependencies = [
    { name = "six" },
]
sdist = { url = "https://files.pythonhosted.org/packages/66/c0/0c8b6ad9f17a802ee498c46e004a0eb49bc148f2fd230864601a86dcf6db/python-dateutil-2.9.0.post0.tar.gz", hash = "sha256:37dd54208da7e1cd875388217d5e00ebd4179249f90fb72437e91a35459a0ad3", size = 342432, upload-time = "2024-03-01T18:36:20.211Z" }
wheels = [
    { url = "https://files.pythonhosted.org/packages/ec/57/56b9bcc3c9c6a792fcbaf139543cee77261f3651ca9da0c93f5c1221264b/python_dateutil-2.9.0.post0-py2.py3-none-any.whl", hash = "sha256:a8b2bc7bffae282281c8140a97d3aa9c14da0b136dfe83f850eea9a5f7470427", size = 229892, upload-time = "2024-03-01T18:36:18.57Z" },
]

[[package]]
name = "pytz"
version = "2025.2"
source = { registry = "https://pypi.org/simple" }
sdist = { url = "https://files.pythonhosted.org/packages/f8/bf/abbd3cdfb8fbc7fb3d4d38d320f2441b1e7cbe29be4f23797b4a2b5d8aac/pytz-2025.2.tar.gz", hash = "sha256:360b9e3dbb49a209c21ad61809c7fb453643e048b38924c765813546746e81c3", size = 320884, upload-time = "2025-03-25T02:25:00.538Z" }
wheels = [
    { url = "https://files.pythonhosted.org/packages/81/c4/34e93fe5f5429d7570ec1fa436f1986fb1f00c3e0f43a589fe2bbcd22c3f/pytz-2025.2-py2.py3-none-any.whl", hash = "sha256:5ddf76296dd8c44c26eb8f4b6f35488f3ccbf6fbbd7adee0b7262d43f0ec2f00", size = 509225, upload-time = "2025-03-25T02:24:58.468Z" },
]

[[package]]
name = "quickshell-modules"
version = "0.1.0"
source = { virtual = "." }
dependencies = [
    { name = "dbus-next" },
    { name = "httpx" },
    { name = "lunarcalendar" },
]

[package.metadata]
requires-dist = [
    { name = "dbus-next", specifier = ">=0.2.3" },
    { name = "httpx", specifier = ">=0.28.1" },
    { name = "lunarcalendar", specifier = ">=0.0.9" },
]

[[package]]
name = "six"
version = "1.17.0"
source = { registry = "https://pypi.org/simple" }
sdist = { url = "https://files.pythonhosted.org/packages/94/e7/b2c673351809dca68a0e064b6af791aa332cf192da575fd474ed7d6f16a2/six-1.17.0.tar.gz", hash = "sha256:ff70335d468e7eb6ec65b95b99d3a2836546063f63acc5171de367e834932a81", size = 34031, upload-time = "2024-12-04T17:35:28.174Z" }
wheels = [
    { url = "https://files.pythonhosted.org/packages/b7/ce/149a00dd41f10bc29e5921b496af8b574d8413afcd5e30dfa0ed46c2cc5e/six-1.17.0-py2.py3-none-any.whl", hash = "sha256:4721f391ed90541fddacab5acf947aa0d3dc7d27b2e1e8eda2be8970586c3274", size = 11050, upload-time = "2024-12-04T17:35:26.475Z" },
]
